
Microsoft Visual Studio Solution File, Format Version 12.00
# Visual Studio Version 17
VisualStudioVersion = 17.4.33122.133
MinimumVisualStudioVersion = 10.0.40219.1
Project("{FAE04EC0-301F-11D3-BF4B-00C04F79EFBC}") = "Exercícios propostos - 2", "Exercícios propostos - 2\Exercícios propostos - 2.csproj", "{D4DE08DA-9B2D-4C02-AD07-8B84F8658A7E}"
EndProject
Global
	GlobalSection(SolutionConfigurationPlatforms) = preSolution
		Debug|Any CPU = Debug|Any CPU
		Release|Any CPU = Release|Any CPU
	EndGlobalSection
	GlobalSection(ProjectConfigurationPlatforms) = postSolution
		{D4DE08DA-9B2D-4C02-AD07-8B84F8658A7E}.Debug|Any CPU.ActiveCfg = Debug|Any CPU
		{D4DE08DA-9B2D-4C02-AD07-8B84F8658A7E}.Debug|Any CPU.Build.0 = Debug|Any CPU
		{D4DE08DA-9B2D-4C02-AD07-8B84F8658A7E}.Release|Any CPU.ActiveCfg = Release|Any CPU
		{D4DE08DA-9B2D-4C02-AD07-8B84F8658A7E}.Release|Any CPU.Build.0 = Release|Any CPU
	EndGlobalSection
	GlobalSection(SolutionProperties) = preSolution
		HideSolutionNode = FALSE
	EndGlobalSection
	GlobalSection(ExtensibilityGlobals) = postSolution
		SolutionGuid = {2D2EBE7E-3A67-4731-8A60-8200129ECA1D}
	EndGlobalSection
EndGlobal
