
Microsoft Visual Studio Solution File, Format Version 12.00
# Visual Studio Version 17
VisualStudioVersion = 17.4.33122.133
MinimumVisualStudioVersion = 10.0.40219.1
Project("{FAE04EC0-301F-11D3-BF4B-00C04F79EFBC}") = "ConsoleApp1", "ConsoleApp1\ConsoleApp1.csproj", "{3B5894C5-F274-4DEA-89DE-3695D6909685}"
EndProject
Global
	GlobalSection(SolutionConfigurationPlatforms) = preSolution
		Debug|Any CPU = Debug|Any CPU
		Release|Any CPU = Release|Any CPU
	EndGlobalSection
	GlobalSection(ProjectConfigurationPlatforms) = postSolution
		{3B5894C5-F274-4DEA-89DE-3695D6909685}.Debug|Any CPU.ActiveCfg = Debug|Any CPU
		{3B5894C5-F274-4DEA-89DE-3695D6909685}.Debug|Any CPU.Build.0 = Debug|Any CPU
		{3B5894C5-F274-4DEA-89DE-3695D6909685}.Release|Any CPU.ActiveCfg = Release|Any CPU
		{3B5894C5-F274-4DEA-89DE-3695D6909685}.Release|Any CPU.Build.0 = Release|Any CPU
	EndGlobalSection
	GlobalSection(SolutionProperties) = preSolution
		HideSolutionNode = FALSE
	EndGlobalSection
	GlobalSection(ExtensibilityGlobals) = postSolution
		SolutionGuid = {DADE5A2C-E339-46F0-BDE8-5FFB3C6C4A1E}
	EndGlobalSection
EndGlobal
